
Microsoft Visual Studio Solution File, Format Version 12.00
# Visual Studio 15
VisualStudioVersion = 15.0.28010.2041
MinimumVisualStudioVersion = 10.0.40219.1
Project("{FAE04EC0-301F-11D3-BF4B-00C04F79EFBC}") = "P110_Disconnected", "P110_Disconnected\P110_Disconnected.csproj", "{965480CB-C5F3-4376-906C-EDA92A515575}"
EndProject
Global
	GlobalSection(SolutionConfigurationPlatforms) = preSolution
		Debug|Any CPU = Debug|Any CPU
		Release|Any CPU = Release|Any CPU
	EndGlobalSection
	GlobalSection(ProjectConfigurationPlatforms) = postSolution
		{965480CB-C5F3-4376-906C-EDA92A515575}.Debug|Any CPU.ActiveCfg = Debug|Any CPU
		{965480CB-C5F3-4376-906C-EDA92A515575}.Debug|Any CPU.Build.0 = Debug|Any CPU
		{965480CB-C5F3-4376-906C-EDA92A515575}.Release|Any CPU.ActiveCfg = Release|Any CPU
		{965480CB-C5F3-4376-906C-EDA92A515575}.Release|Any CPU.Build.0 = Release|Any CPU
	EndGlobalSection
	GlobalSection(SolutionProperties) = preSolution
		HideSolutionNode = FALSE
	EndGlobalSection
	GlobalSection(ExtensibilityGlobals) = postSolution
		SolutionGuid = {2BF42F05-4B7C-4436-BE71-E971B77DB742}
	EndGlobalSection
EndGlobal
